
Microsoft Visual Studio Solution File, Format Version 12.00
# Visual Studio Version 16
VisualStudioVersion = 16.0.30804.86
MinimumVisualStudioVersion = 10.0.40219.1
Project("{9A19103F-16F7-4668-BE54-9A1E7A4F7556}") = "Blocks.Forms", "Blocks.Forms\Blocks.Forms.csproj", "{2D3BE83E-A6D7-467C-842B-8158A57B0CE7}"
EndProject
Project("{FAE04EC0-301F-11D3-BF4B-00C04F79EFBC}") = "Blocks.Class", "Blocks.Class\Blocks.Class.csproj", "{26D1D4F2-0C53-4709-971A-497C546F0383}"
EndProject
Global
	GlobalSection(SolutionConfigurationPlatforms) = preSolution
		Debug|Any CPU = Debug|Any CPU
		Release|Any CPU = Release|Any CPU
	EndGlobalSection
	GlobalSection(ProjectConfigurationPlatforms) = postSolution
		{2D3BE83E-A6D7-467C-842B-8158A57B0CE7}.Debug|Any CPU.ActiveCfg = Debug|Any CPU
		{2D3BE83E-A6D7-467C-842B-8158A57B0CE7}.Debug|Any CPU.Build.0 = Debug|Any CPU
		{2D3BE83E-A6D7-467C-842B-8158A57B0CE7}.Release|Any CPU.ActiveCfg = Release|Any CPU
		{2D3BE83E-A6D7-467C-842B-8158A57B0CE7}.Release|Any CPU.Build.0 = Release|Any CPU
		{26D1D4F2-0C53-4709-971A-497C546F0383}.Debug|Any CPU.ActiveCfg = Debug|Any CPU
		{26D1D4F2-0C53-4709-971A-497C546F0383}.Debug|Any CPU.Build.0 = Debug|Any CPU
		{26D1D4F2-0C53-4709-971A-497C546F0383}.Release|Any CPU.ActiveCfg = Release|Any CPU
		{26D1D4F2-0C53-4709-971A-497C546F0383}.Release|Any CPU.Build.0 = Release|Any CPU
	EndGlobalSection
	GlobalSection(SolutionProperties) = preSolution
		HideSolutionNode = FALSE
	EndGlobalSection
	GlobalSection(ExtensibilityGlobals) = postSolution
		SolutionGuid = {2DF6ADFD-40B5-445F-BA07-39DDF98894CE}
	EndGlobalSection
EndGlobal
